
Microsoft Visual Studio Solution File, Format Version 12.00
# Visual Studio Version 16
VisualStudioVersion = 16.0.31313.79
MinimumVisualStudioVersion = 10.0.40219.1
Project("{FAE04EC0-301F-11D3-BF4B-00C04F79EFBC}") = "REC-70", "REC-70\REC-70.csproj", "{981E07AA-68D1-4C1F-8A11-A965EE1B51AA}"
EndProject
Global
	GlobalSection(SolutionConfigurationPlatforms) = preSolution
		Debug|Any CPU = Debug|Any CPU
		Release|Any CPU = Release|Any CPU
	EndGlobalSection
	GlobalSection(ProjectConfigurationPlatforms) = postSolution
		{981E07AA-68D1-4C1F-8A11-A965EE1B51AA}.Debug|Any CPU.ActiveCfg = Debug|Any CPU
		{981E07AA-68D1-4C1F-8A11-A965EE1B51AA}.Debug|Any CPU.Build.0 = Debug|Any CPU
		{981E07AA-68D1-4C1F-8A11-A965EE1B51AA}.Release|Any CPU.ActiveCfg = Release|Any CPU
		{981E07AA-68D1-4C1F-8A11-A965EE1B51AA}.Release|Any CPU.Build.0 = Release|Any CPU
	EndGlobalSection
	GlobalSection(SolutionProperties) = preSolution
		HideSolutionNode = FALSE
	EndGlobalSection
	GlobalSection(ExtensibilityGlobals) = postSolution
		SolutionGuid = {75211348-67AE-4BA7-AA6B-D7CD5784F0D8}
	EndGlobalSection
EndGlobal
